
Microsoft Visual Studio Solution File, Format Version 12.00
# Visual Studio Version 16
VisualStudioVersion = 16.0.30523.141
MinimumVisualStudioVersion = 10.0.40219.1
Project("{FAE04EC0-301F-11D3-BF4B-00C04F79EFBC}") = "TrelloCoreTest", "TrelloCoreTest\TrelloCoreTest.csproj", "{B2ADCB20-0B8C-4DD6-983D-E374A027707D}"
EndProject
Global
	GlobalSection(SolutionConfigurationPlatforms) = preSolution
		Debug|Any CPU = Debug|Any CPU
		Release|Any CPU = Release|Any CPU
	EndGlobalSection
	GlobalSection(ProjectConfigurationPlatforms) = postSolution
		{B2ADCB20-0B8C-4DD6-983D-E374A027707D}.Debug|Any CPU.ActiveCfg = Debug|Any CPU
		{B2ADCB20-0B8C-4DD6-983D-E374A027707D}.Debug|Any CPU.Build.0 = Debug|Any CPU
		{B2ADCB20-0B8C-4DD6-983D-E374A027707D}.Release|Any CPU.ActiveCfg = Release|Any CPU
		{B2ADCB20-0B8C-4DD6-983D-E374A027707D}.Release|Any CPU.Build.0 = Release|Any CPU
	EndGlobalSection
	GlobalSection(SolutionProperties) = preSolution
		HideSolutionNode = FALSE
	EndGlobalSection
	GlobalSection(ExtensibilityGlobals) = postSolution
		SolutionGuid = {EC2DBF21-0F2C-4695-B823-7E914DC3B0D5}
	EndGlobalSection
EndGlobal
